// !$*UTF8*$!
{
	archiveVersion = 1;
	classes = {
	};
	objectVersion = 56;
	objects = {

/* Begin PBXBuildFile section */
		EF262B3E295948DB0092F02C /* AppDelegate.swift in Sources */ = {isa = PBXBuildFile; fileRef = EF262B3D295948DB0092F02C /* AppDelegate.swift */; };
		EF262B40295948DB0092F02C /* SceneDelegate.swift in Sources */ = {isa = PBXBuildFile; fileRef = EF262B3F295948DB0092F02C /* SceneDelegate.swift */; };
		EF262B42295948DB0092F02C /* SplashViewController.swift in Sources */ = {isa = PBXBuildFile; fileRef = EF262B41295948DB0092F02C /* SplashViewController.swift */; };
		EF262B45295948DB0092F02C /* Main.storyboard in Resources */ = {isa = PBXBuildFile; fileRef = EF262B43295948DB0092F02C /* Main.storyboard */; };
		EF262B47295948DC0092F02C /* Assets.xcassets in Resources */ = {isa = PBXBuildFile; fileRef = EF262B46295948DC0092F02C /* Assets.xcassets */; };
		EF262B4A295948DC0092F02C /* LaunchScreen.storyboard in Resources */ = {isa = PBXBuildFile; fileRef = EF262B48295948DC0092F02C /* LaunchScreen.storyboard */; };
		EF262B55295948DC0092F02C /* AppointmentTests.swift in Sources */ = {isa = PBXBuildFile; fileRef = EF262B54295948DC0092F02C /* AppointmentTests.swift */; };
		EF262B5F295948DC0092F02C /* AppointmentUITests.swift in Sources */ = {isa = PBXBuildFile; fileRef = EF262B5E295948DC0092F02C /* AppointmentUITests.swift */; };
		EF262B61295948DC0092F02C /* AppointmentUITestsLaunchTests.swift in Sources */ = {isa = PBXBuildFile; fileRef = EF262B60295948DC0092F02C /* AppointmentUITestsLaunchTests.swift */; };
		EF262B7129594C250092F02C /* App.swift in Sources */ = {isa = PBXBuildFile; fileRef = EF262B7029594C250092F02C /* App.swift */; };
		EF262B7729594FEC0092F02C /* TabBarItem.swift in Sources */ = {isa = PBXBuildFile; fileRef = EF262B7629594FEC0092F02C /* TabBarItem.swift */; };
		EF262B79295959250092F02C /* TabBarController.swift in Sources */ = {isa = PBXBuildFile; fileRef = EF262B78295959250092F02C /* TabBarController.swift */; };
		EF262B842959BE240092F02C /* Lottie in Frameworks */ = {isa = PBXBuildFile; productRef = EF262B832959BE240092F02C /* Lottie */; };
		EF262B872959BE2E0092F02C /* Kingfisher in Frameworks */ = {isa = PBXBuildFile; productRef = EF262B862959BE2E0092F02C /* Kingfisher */; };
		EF262B8B2959C1350092F02C /* Network.swift in Sources */ = {isa = PBXBuildFile; fileRef = EF262B8A2959C1350092F02C /* Network.swift */; };
		EF262B8E2959C6F50092F02C /* RxCocoa in Frameworks */ = {isa = PBXBuildFile; productRef = EF262B8D2959C6F50092F02C /* RxCocoa */; };
		EF262B902959C6F50092F02C /* RxRelay in Frameworks */ = {isa = PBXBuildFile; productRef = EF262B8F2959C6F50092F02C /* RxRelay */; };
		EF262B922959C6F50092F02C /* RxSwift in Frameworks */ = {isa = PBXBuildFile; productRef = EF262B912959C6F50092F02C /* RxSwift */; };
		EF262B942959C6F50092F02C /* RxTest in Frameworks */ = {isa = PBXBuildFile; productRef = EF262B932959C6F50092F02C /* RxTest */; };
		EF262B982959CAF60092F02C /* Sample.swift in Sources */ = {isa = PBXBuildFile; fileRef = EF262B972959CAF60092F02C /* Sample.swift */; };
/* End PBXBuildFile section */

/* Begin PBXContainerItemProxy section */
		EF262B51295948DC0092F02C /* PBXContainerItemProxy */ = {
			isa = PBXContainerItemProxy;
			containerPortal = EF262B32295948DB0092F02C /* Project object */;
			proxyType = 1;
			remoteGlobalIDString = EF262B39295948DB0092F02C;
			remoteInfo = Appointment;
		};
		EF262B5B295948DC0092F02C /* PBXContainerItemProxy */ = {
			isa = PBXContainerItemProxy;
			containerPortal = EF262B32295948DB0092F02C /* Project object */;
			proxyType = 1;
			remoteGlobalIDString = EF262B39295948DB0092F02C;
			remoteInfo = Appointment;
		};
/* End PBXContainerItemProxy section */

/* Begin PBXFileReference section */
		EF262B3A295948DB0092F02C /* Appointment.app */ = {isa = PBXFileReference; explicitFileType = wrapper.application; includeInIndex = 0; path = Appointment.app; sourceTree = BUILT_PRODUCTS_DIR; };
		EF262B3D295948DB0092F02C /* AppDelegate.swift */ = {isa = PBXFileReference; lastKnownFileType = sourcecode.swift; path = AppDelegate.swift; sourceTree = "<group>"; };
		EF262B3F295948DB0092F02C /* SceneDelegate.swift */ = {isa = PBXFileReference; lastKnownFileType = sourcecode.swift; path = SceneDelegate.swift; sourceTree = "<group>"; };
		EF262B41295948DB0092F02C /* SplashViewController.swift */ = {isa = PBXFileReference; lastKnownFileType = sourcecode.swift; path = SplashViewController.swift; sourceTree = "<group>"; };
		EF262B44295948DB0092F02C /* Base */ = {isa = PBXFileReference; lastKnownFileType = file.storyboard; name = Base; path = Base.lproj/Main.storyboard; sourceTree = "<group>"; };
		EF262B46295948DC0092F02C /* Assets.xcassets */ = {isa = PBXFileReference; lastKnownFileType = folder.assetcatalog; path = Assets.xcassets; sourceTree = "<group>"; };
		EF262B49295948DC0092F02C /* Base */ = {isa = PBXFileReference; lastKnownFileType = file.storyboard; name = Base; path = Base.lproj/LaunchScreen.storyboard; sourceTree = "<group>"; };
		EF262B4B295948DC0092F02C /* Info.plist */ = {isa = PBXFileReference; lastKnownFileType = text.plist.xml; path = Info.plist; sourceTree = "<group>"; };
		EF262B50295948DC0092F02C /* AppointmentTests.xctest */ = {isa = PBXFileReference; explicitFileType = wrapper.cfbundle; includeInIndex = 0; path = AppointmentTests.xctest; sourceTree = BUILT_PRODUCTS_DIR; };
		EF262B54295948DC0092F02C /* AppointmentTests.swift */ = {isa = PBXFileReference; lastKnownFileType = sourcecode.swift; path = AppointmentTests.swift; sourceTree = "<group>"; };
		EF262B5A295948DC0092F02C /* AppointmentUITests.xctest */ = {isa = PBXFileReference; explicitFileType = wrapper.cfbundle; includeInIndex = 0; path = AppointmentUITests.xctest; sourceTree = BUILT_PRODUCTS_DIR; };
		EF262B5E295948DC0092F02C /* AppointmentUITests.swift */ = {isa = PBXFileReference; lastKnownFileType = sourcecode.swift; path = AppointmentUITests.swift; sourceTree = "<group>"; };
		EF262B60295948DC0092F02C /* AppointmentUITestsLaunchTests.swift */ = {isa = PBXFileReference; lastKnownFileType = sourcecode.swift; path = AppointmentUITestsLaunchTests.swift; sourceTree = "<group>"; };
		EF262B7029594C250092F02C /* App.swift */ = {isa = PBXFileReference; lastKnownFileType = sourcecode.swift; path = App.swift; sourceTree = "<group>"; };
		EF262B7629594FEC0092F02C /* TabBarItem.swift */ = {isa = PBXFileReference; lastKnownFileType = sourcecode.swift; path = TabBarItem.swift; sourceTree = "<group>"; };
		EF262B78295959250092F02C /* TabBarController.swift */ = {isa = PBXFileReference; lastKnownFileType = sourcecode.swift; path = TabBarController.swift; sourceTree = "<group>"; };
		EF262B8A2959C1350092F02C /* Network.swift */ = {isa = PBXFileReference; lastKnownFileType = sourcecode.swift; path = Network.swift; sourceTree = "<group>"; };
		EF262B972959CAF60092F02C /* Sample.swift */ = {isa = PBXFileReference; lastKnownFileType = sourcecode.swift; path = Sample.swift; sourceTree = "<group>"; };
/* End PBXFileReference section */

/* Begin PBXFrameworksBuildPhase section */
		EF262B37295948DB0092F02C /* Frameworks */ = {
			isa = PBXFrameworksBuildPhase;
			buildActionMask = 2147483647;
			files = (
				EF262B8E2959C6F50092F02C /* RxCocoa in Frameworks */,
				EF262B872959BE2E0092F02C /* Kingfisher in Frameworks */,
				EF262B922959C6F50092F02C /* RxSwift in Frameworks */,
				EF262B902959C6F50092F02C /* RxRelay in Frameworks */,
				EF262B942959C6F50092F02C /* RxTest in Frameworks */,
				EF262B842959BE240092F02C /* Lottie in Frameworks */,
			);
			runOnlyForDeploymentPostprocessing = 0;
		};
		EF262B4D295948DC0092F02C /* Frameworks */ = {
			isa = PBXFrameworksBuildPhase;
			buildActionMask = 2147483647;
			files = (
			);
			runOnlyForDeploymentPostprocessing = 0;
		};
		EF262B57295948DC0092F02C /* Frameworks */ = {
			isa = PBXFrameworksBuildPhase;
			buildActionMask = 2147483647;
			files = (
			);
			runOnlyForDeploymentPostprocessing = 0;
		};
/* End PBXFrameworksBuildPhase section */

/* Begin PBXGroup section */
		EF262B31295948DB0092F02C = {
			isa = PBXGroup;
			children = (
				EF262B3C295948DB0092F02C /* Appointment */,
				EF262B53295948DC0092F02C /* AppointmentTests */,
				EF262B5D295948DC0092F02C /* AppointmentUITests */,
				EF262B3B295948DB0092F02C /* Products */,
			);
			sourceTree = "<group>";
		};
		EF262B3B295948DB0092F02C /* Products */ = {
			isa = PBXGroup;
			children = (
				EF262B3A295948DB0092F02C /* Appointment.app */,
				EF262B50295948DC0092F02C /* AppointmentTests.xctest */,
				EF262B5A295948DC0092F02C /* AppointmentUITests.xctest */,
			);
			name = Products;
			sourceTree = "<group>";
		};
		EF262B3C295948DB0092F02C /* Appointment */ = {
			isa = PBXGroup;
			children = (
				EF262B952959CAE40092F02C /* Repositories */,
				EF262B6D29594B5D0092F02C /* Core */,
				EF262B7429594E7A0092F02C /* Resource */,
				EF262B7229594E550092F02C /* Scene */,
				EF262B4B295948DC0092F02C /* Info.plist */,
				EF262B43295948DB0092F02C /* Main.storyboard */,
			);
			path = Appointment;
			sourceTree = "<group>";
		};
		EF262B53295948DC0092F02C /* AppointmentTests */ = {
			isa = PBXGroup;
			children = (
				EF262B54295948DC0092F02C /* AppointmentTests.swift */,
			);
			path = AppointmentTests;
			sourceTree = "<group>";
		};
		EF262B5D295948DC0092F02C /* AppointmentUITests */ = {
			isa = PBXGroup;
			children = (
				EF262B5E295948DC0092F02C /* AppointmentUITests.swift */,
				EF262B60295948DC0092F02C /* AppointmentUITestsLaunchTests.swift */,
			);
			path = AppointmentUITests;
			sourceTree = "<group>";
		};
		EF262B6D29594B5D0092F02C /* Core */ = {
			isa = PBXGroup;
			children = (
				EF262B6F29594BBA0092F02C /* App */,
				EF262B6E29594BA50092F02C /* AppDelegate */,
				EF262B892959C0EB0092F02C /* Network */,
			);
			path = Core;
			sourceTree = "<group>";
		};
		EF262B6E29594BA50092F02C /* AppDelegate */ = {
			isa = PBXGroup;
			children = (
				EF262B3F295948DB0092F02C /* SceneDelegate.swift */,
				EF262B3D295948DB0092F02C /* AppDelegate.swift */,
			);
			path = AppDelegate;
			sourceTree = "<group>";
		};
		EF262B6F29594BBA0092F02C /* App */ = {
			isa = PBXGroup;
			children = (
				EF262B7029594C250092F02C /* App.swift */,
			);
			path = App;
			sourceTree = "<group>";
		};
		EF262B7229594E550092F02C /* Scene */ = {
			isa = PBXGroup;
			children = (
				EF262B7329594E650092F02C /* Splash */,
				EF262B7529594ECC0092F02C /* TabBar */,
			);
			path = Scene;
			sourceTree = "<group>";
		};
		EF262B7329594E650092F02C /* Splash */ = {
			isa = PBXGroup;
			children = (
				EF262B48295948DC0092F02C /* LaunchScreen.storyboard */,
				EF262B41295948DB0092F02C /* SplashViewController.swift */,
			);
			path = Splash;
			sourceTree = "<group>";
		};
		EF262B7429594E7A0092F02C /* Resource */ = {
			isa = PBXGroup;
			children = (
				EF262B46295948DC0092F02C /* Assets.xcassets */,
			);
			path = Resource;
			sourceTree = "<group>";
		};
		EF262B7529594ECC0092F02C /* TabBar */ = {
			isa = PBXGroup;
			children = (
				EF262B7629594FEC0092F02C /* TabBarItem.swift */,
				EF262B78295959250092F02C /* TabBarController.swift */,
			);
			path = TabBar;
			sourceTree = "<group>";
		};
		EF262B892959C0EB0092F02C /* Network */ = {
			isa = PBXGroup;
			children = (
				EF262B8A2959C1350092F02C /* Network.swift */,
			);
			path = Network;
			sourceTree = "<group>";
		};
		EF262B952959CAE40092F02C /* Repositories */ = {
			isa = PBXGroup;
			children = (
				EF262B962959CAEF0092F02C /* Sample */,
			);
			path = Repositories;
			sourceTree = "<group>";
		};
		EF262B962959CAEF0092F02C /* Sample */ = {
			isa = PBXGroup;
			children = (
				EF262B972959CAF60092F02C /* Sample.swift */,
			);
			path = Sample;
			sourceTree = "<group>";
		};
/* End PBXGroup section */

/* Begin PBXNativeTarget section */
		EF262B39295948DB0092F02C /* Appointment */ = {
			isa = PBXNativeTarget;
			buildConfigurationList = EF262B64295948DC0092F02C /* Build configuration list for PBXNativeTarget "Appointment" */;
			buildPhases = (
				EF262B36295948DB0092F02C /* Sources */,
				EF262B37295948DB0092F02C /* Frameworks */,
				EF262B38295948DB0092F02C /* Resources */,
			);
			buildRules = (
			);
			dependencies = (
			);
			name = Appointment;
			packageProductDependencies = (
				EF262B832959BE240092F02C /* Lottie */,
				EF262B862959BE2E0092F02C /* Kingfisher */,
				EF262B8D2959C6F50092F02C /* RxCocoa */,
				EF262B8F2959C6F50092F02C /* RxRelay */,
				EF262B912959C6F50092F02C /* RxSwift */,
				EF262B932959C6F50092F02C /* RxTest */,
			);
			productName = Appointment;
			productReference = EF262B3A295948DB0092F02C /* Appointment.app */;
			productType = "com.apple.product-type.application";
		};
		EF262B4F295948DC0092F02C /* AppointmentTests */ = {
			isa = PBXNativeTarget;
			buildConfigurationList = EF262B67295948DC0092F02C /* Build configuration list for PBXNativeTarget "AppointmentTests" */;
			buildPhases = (
				EF262B4C295948DC0092F02C /* Sources */,
				EF262B4D295948DC0092F02C /* Frameworks */,
				EF262B4E295948DC0092F02C /* Resources */,
			);
			buildRules = (
			);
			dependencies = (
				EF262B52295948DC0092F02C /* PBXTargetDependency */,
			);
			name = AppointmentTests;
			productName = AppointmentTests;
			productReference = EF262B50295948DC0092F02C /* AppointmentTests.xctest */;
			productType = "com.apple.product-type.bundle.unit-test";
		};
		EF262B59295948DC0092F02C /* AppointmentUITests */ = {
			isa = PBXNativeTarget;
			buildConfigurationList = EF262B6A295948DC0092F02C /* Build configuration list for PBXNativeTarget "AppointmentUITests" */;
			buildPhases = (
				EF262B56295948DC0092F02C /* Sources */,
				EF262B57295948DC0092F02C /* Frameworks */,
				EF262B58295948DC0092F02C /* Resources */,
			);
			buildRules = (
			);
			dependencies = (
				EF262B5C295948DC0092F02C /* PBXTargetDependency */,
			);
			name = AppointmentUITests;
			productName = AppointmentUITests;
			productReference = EF262B5A295948DC0092F02C /* AppointmentUITests.xctest */;
			productType = "com.apple.product-type.bundle.ui-testing";
		};
/* End PBXNativeTarget section */

/* Begin PBXProject section */
		EF262B32295948DB0092F02C /* Project object */ = {
			isa = PBXProject;
			attributes = {
				BuildIndependentTargetsInParallel = 1;
				LastSwiftUpdateCheck = 1420;
				LastUpgradeCheck = 1420;
				TargetAttributes = {
					EF262B39295948DB0092F02C = {
						CreatedOnToolsVersion = 14.2;
					};
					EF262B4F295948DC0092F02C = {
						CreatedOnToolsVersion = 14.2;
						TestTargetID = EF262B39295948DB0092F02C;
					};
					EF262B59295948DC0092F02C = {
						CreatedOnToolsVersion = 14.2;
						TestTargetID = EF262B39295948DB0092F02C;
					};
				};
			};
			buildConfigurationList = EF262B35295948DB0092F02C /* Build configuration list for PBXProject "Appointment" */;
			compatibilityVersion = "Xcode 14.0";
			developmentRegion = en;
			hasScannedForEncodings = 0;
			knownRegions = (
				en,
				Base,
			);
			mainGroup = EF262B31295948DB0092F02C;
			packageReferences = (
				EF262B822959BE240092F02C /* XCRemoteSwiftPackageReference "lottie-ios" */,
				EF262B852959BE2E0092F02C /* XCRemoteSwiftPackageReference "Kingfisher" */,
				EF262B8C2959C6F50092F02C /* XCRemoteSwiftPackageReference "RxSwift" */,
			);
			productRefGroup = EF262B3B295948DB0092F02C /* Products */;
			projectDirPath = "";
			projectRoot = "";
			targets = (
				EF262B39295948DB0092F02C /* Appointment */,
				EF262B4F295948DC0092F02C /* AppointmentTests */,
				EF262B59295948DC0092F02C /* AppointmentUITests */,
			);
		};
/* End PBXProject section */

/* Begin PBXResourcesBuildPhase section */
		EF262B38295948DB0092F02C /* Resources */ = {
			isa = PBXResourcesBuildPhase;
			buildActionMask = 2147483647;
			files = (
				EF262B4A295948DC0092F02C /* LaunchScreen.storyboard in Resources */,
				EF262B47295948DC0092F02C /* Assets.xcassets in Resources */,
				EF262B45295948DB0092F02C /* Main.storyboard in Resources */,
			);
			runOnlyForDeploymentPostprocessing = 0;
		};
		EF262B4E295948DC0092F02C /* Resources */ = {
			isa = PBXResourcesBuildPhase;
			buildActionMask = 2147483647;
			files = (
			);
			runOnlyForDeploymentPostprocessing = 0;
		};
		EF262B58295948DC0092F02C /* Resources */ = {
			isa = PBXResourcesBuildPhase;
			buildActionMask = 2147483647;
			files = (
			);
			runOnlyForDeploymentPostprocessing = 0;
		};
/* End PBXResourcesBuildPhase section */

/* Begin PBXSourcesBuildPhase section */
		EF262B36295948DB0092F02C /* Sources */ = {
			isa = PBXSourcesBuildPhase;
			buildActionMask = 2147483647;
			files = (
				EF262B42295948DB0092F02C /* SplashViewController.swift in Sources */,
				EF262B982959CAF60092F02C /* Sample.swift in Sources */,
				EF262B7129594C250092F02C /* App.swift in Sources */,
				EF262B7729594FEC0092F02C /* TabBarItem.swift in Sources */,
				EF262B79295959250092F02C /* TabBarController.swift in Sources */,
				EF262B3E295948DB0092F02C /* AppDelegate.swift in Sources */,
				EF262B8B2959C1350092F02C /* Network.swift in Sources */,
				EF262B40295948DB0092F02C /* SceneDelegate.swift in Sources */,
			);
			runOnlyForDeploymentPostprocessing = 0;
		};
		EF262B4C295948DC0092F02C /* Sources */ = {
			isa = PBXSourcesBuildPhase;
			buildActionMask = 2147483647;
			files = (
				EF262B55295948DC0092F02C /* AppointmentTests.swift in Sources */,
			);
			runOnlyForDeploymentPostprocessing = 0;
		};
		EF262B56295948DC0092F02C /* Sources */ = {
			isa = PBXSourcesBuildPhase;
			buildActionMask = 2147483647;
			files = (
				EF262B61295948DC0092F02C /* AppointmentUITestsLaunchTests.swift in Sources */,
				EF262B5F295948DC0092F02C /* AppointmentUITests.swift in Sources */,
			);
			runOnlyForDeploymentPostprocessing = 0;
		};
/* End PBXSourcesBuildPhase section */

/* Begin PBXTargetDependency section */
		EF262B52295948DC0092F02C /* PBXTargetDependency */ = {
			isa = PBXTargetDependency;
			target = EF262B39295948DB0092F02C /* Appointment */;
			targetProxy = EF262B51295948DC0092F02C /* PBXContainerItemProxy */;
		};
		EF262B5C295948DC0092F02C /* PBXTargetDependency */ = {
			isa = PBXTargetDependency;
			target = EF262B39295948DB0092F02C /* Appointment */;
			targetProxy = EF262B5B295948DC0092F02C /* PBXContainerItemProxy */;
		};
/* End PBXTargetDependency section */

/* Begin PBXVariantGroup section */
		EF262B43295948DB0092F02C /* Main.storyboard */ = {
			isa = PBXVariantGroup;
			children = (
				EF262B44295948DB0092F02C /* Base */,
			);
			name = Main.storyboard;
			sourceTree = "<group>";
		};
		EF262B48295948DC0092F02C /* LaunchScreen.storyboard */ = {
			isa = PBXVariantGroup;
			children = (
				EF262B49295948DC0092F02C /* Base */,
			);
			name = LaunchScreen.storyboard;
			sourceTree = "<group>";
		};
/* End PBXVariantGroup section */

/* Begin XCBuildConfiguration section */
		EF262B62295948DC0092F02C /* Debug */ = {
			isa = XCBuildConfiguration;
			buildSettings = {
				ALWAYS_SEARCH_USER_PATHS = NO;
				CLANG_ANALYZER_NONNULL = YES;
				CLANG_ANALYZER_NUMBER_OBJECT_CONVERSION = YES_AGGRESSIVE;
				CLANG_CXX_LANGUAGE_STANDARD = "gnu++20";
				CLANG_ENABLE_MODULES = YES;
				CLANG_ENABLE_OBJC_ARC = YES;
				CLANG_ENABLE_OBJC_WEAK = YES;
				CLANG_WARN_BLOCK_CAPTURE_AUTORELEASING = YES;
				CLANG_WARN_BOOL_CONVERSION = YES;
				CLANG_WARN_COMMA = YES;
				CLANG_WARN_CONSTANT_CONVERSION = YES;
				CLANG_WARN_DEPRECATED_OBJC_IMPLEMENTATIONS = YES;
				CLANG_WARN_DIRECT_OBJC_ISA_USAGE = YES_ERROR;
				CLANG_WARN_DOCUMENTATION_COMMENTS = YES;
				CLANG_WARN_EMPTY_BODY = YES;
				CLANG_WARN_ENUM_CONVERSION = YES;
				CLANG_WARN_INFINITE_RECURSION = YES;
				CLANG_WARN_INT_CONVERSION = YES;
				CLANG_WARN_NON_LITERAL_NULL_CONVERSION = YES;
				CLANG_WARN_OBJC_IMPLICIT_RETAIN_SELF = YES;
				CLANG_WARN_OBJC_LITERAL_CONVERSION = YES;
				CLANG_WARN_OBJC_ROOT_CLASS = YES_ERROR;
				CLANG_WARN_QUOTED_INCLUDE_IN_FRAMEWORK_HEADER = YES;
				CLANG_WARN_RANGE_LOOP_ANALYSIS = YES;
				CLANG_WARN_STRICT_PROTOTYPES = YES;
				CLANG_WARN_SUSPICIOUS_MOVE = YES;
				CLANG_WARN_UNGUARDED_AVAILABILITY = YES_AGGRESSIVE;
				CLANG_WARN_UNREACHABLE_CODE = YES;
				CLANG_WARN__DUPLICATE_METHOD_MATCH = YES;
				COPY_PHASE_STRIP = NO;
				DEBUG_INFORMATION_FORMAT = dwarf;
				ENABLE_STRICT_OBJC_MSGSEND = YES;
				ENABLE_TESTABILITY = YES;
				ENABLE_TESTING_SEARCH_PATHS = YES;
				GCC_C_LANGUAGE_STANDARD = gnu11;
				GCC_DYNAMIC_NO_PIC = NO;
				GCC_NO_COMMON_BLOCKS = YES;
				GCC_OPTIMIZATION_LEVEL = 0;
				GCC_PREPROCESSOR_DEFINITIONS = (
					"DEBUG=1",
					"$(inherited)",
				);
				GCC_WARN_64_TO_32_BIT_CONVERSION = YES;
				GCC_WARN_ABOUT_RETURN_TYPE = YES_ERROR;
				GCC_WARN_UNDECLARED_SELECTOR = YES;
				GCC_WARN_UNINITIALIZED_AUTOS = YES_AGGRESSIVE;
				GCC_WARN_UNUSED_FUNCTION = YES;
				GCC_WARN_UNUSED_VARIABLE = YES;
				IPHONEOS_DEPLOYMENT_TARGET = 16.2;
				MTL_ENABLE_DEBUG_INFO = INCLUDE_SOURCE;
				MTL_FAST_MATH = YES;
				ONLY_ACTIVE_ARCH = YES;
				SDKROOT = iphoneos;
				SWIFT_ACTIVE_COMPILATION_CONDITIONS = DEBUG;
				SWIFT_OPTIMIZATION_LEVEL = "-Onone";
			};
			name = Debug;
		};
		EF262B63295948DC0092F02C /* Release */ = {
			isa = XCBuildConfiguration;
			buildSettings = {
				ALWAYS_SEARCH_USER_PATHS = NO;
				CLANG_ANALYZER_NONNULL = YES;
				CLANG_ANALYZER_NUMBER_OBJECT_CONVERSION = YES_AGGRESSIVE;
				CLANG_CXX_LANGUAGE_STANDARD = "gnu++20";
				CLANG_ENABLE_MODULES = YES;
				CLANG_ENABLE_OBJC_ARC = YES;
				CLANG_ENABLE_OBJC_WEAK = YES;
				CLANG_WARN_BLOCK_CAPTURE_AUTORELEASING = YES;
				CLANG_WARN_BOOL_CONVERSION = YES;
				CLANG_WARN_COMMA = YES;
				CLANG_WARN_CONSTANT_CONVERSION = YES;
				CLANG_WARN_DEPRECATED_OBJC_IMPLEMENTATIONS = YES;
				CLANG_WARN_DIRECT_OBJC_ISA_USAGE = YES_ERROR;
				CLANG_WARN_DOCUMENTATION_COMMENTS = YES;
				CLANG_WARN_EMPTY_BODY = YES;
				CLANG_WARN_ENUM_CONVERSION = YES;
				CLANG_WARN_INFINITE_RECURSION = YES;
				CLANG_WARN_INT_CONVERSION = YES;
				CLANG_WARN_NON_LITERAL_NULL_CONVERSION = YES;
				CLANG_WARN_OBJC_IMPLICIT_RETAIN_SELF = YES;
				CLANG_WARN_OBJC_LITERAL_CONVERSION = YES;
				CLANG_WARN_OBJC_ROOT_CLASS = YES_ERROR;
				CLANG_WARN_QUOTED_INCLUDE_IN_FRAMEWORK_HEADER = YES;
				CLANG_WARN_RANGE_LOOP_ANALYSIS = YES;
				CLANG_WARN_STRICT_PROTOTYPES = YES;
				CLANG_WARN_SUSPICIOUS_MOVE = YES;
				CLANG_WARN_UNGUARDED_AVAILABILITY = YES_AGGRESSIVE;
				CLANG_WARN_UNREACHABLE_CODE = YES;
				CLANG_WARN__DUPLICATE_METHOD_MATCH = YES;
				COPY_PHASE_STRIP = NO;
				DEBUG_INFORMATION_FORMAT = "dwarf-with-dsym";
				ENABLE_NS_ASSERTIONS = NO;
				ENABLE_STRICT_OBJC_MSGSEND = YES;
				ENABLE_TESTING_SEARCH_PATHS = YES;
				GCC_C_LANGUAGE_STANDARD = gnu11;
				GCC_NO_COMMON_BLOCKS = YES;
				GCC_WARN_64_TO_32_BIT_CONVERSION = YES;
				GCC_WARN_ABOUT_RETURN_TYPE = YES_ERROR;
				GCC_WARN_UNDECLARED_SELECTOR = YES;
				GCC_WARN_UNINITIALIZED_AUTOS = YES_AGGRESSIVE;
				GCC_WARN_UNUSED_FUNCTION = YES;
				GCC_WARN_UNUSED_VARIABLE = YES;
				IPHONEOS_DEPLOYMENT_TARGET = 16.2;
				MTL_ENABLE_DEBUG_INFO = NO;
				MTL_FAST_MATH = YES;
				SDKROOT = iphoneos;
				SWIFT_COMPILATION_MODE = wholemodule;
				SWIFT_OPTIMIZATION_LEVEL = "-O";
				VALIDATE_PRODUCT = YES;
			};
			name = Release;
		};
		EF262B65295948DC0092F02C /* Debug */ = {
			isa = XCBuildConfiguration;
			buildSettings = {
				ASSETCATALOG_COMPILER_APPICON_NAME = AppIcon;
				ASSETCATALOG_COMPILER_GLOBAL_ACCENT_COLOR_NAME = AccentColor;
				CODE_SIGN_STYLE = Automatic;
				CURRENT_PROJECT_VERSION = 1;
				DEVELOPMENT_TEAM = P4D7F4WWXG;
				GENERATE_INFOPLIST_FILE = YES;
				INFOPLIST_FILE = Appointment/Info.plist;
				INFOPLIST_KEY_UIApplicationSupportsIndirectInputEvents = YES;
				INFOPLIST_KEY_UILaunchStoryboardName = LaunchScreen;
				INFOPLIST_KEY_UIMainStoryboardFile = Main;
				INFOPLIST_KEY_UISupportedInterfaceOrientations_iPad = "UIInterfaceOrientationPortrait UIInterfaceOrientationPortraitUpsideDown UIInterfaceOrientationLandscapeLeft UIInterfaceOrientationLandscapeRight";
				INFOPLIST_KEY_UISupportedInterfaceOrientations_iPhone = "UIInterfaceOrientationPortrait UIInterfaceOrientationLandscapeLeft UIInterfaceOrientationLandscapeRight";
				LD_RUNPATH_SEARCH_PATHS = (
					"$(inherited)",
					"@executable_path/Frameworks",
				);
				MARKETING_VERSION = 1.0;
				PRODUCT_BUNDLE_IDENTIFIER = Appointment.Appointment;
				PRODUCT_NAME = "$(TARGET_NAME)";
				SWIFT_EMIT_LOC_STRINGS = YES;
				SWIFT_VERSION = 5.0;
				TARGETED_DEVICE_FAMILY = "1,2";
			};
			name = Debug;
		};
		EF262B66295948DC0092F02C /* Release */ = {
			isa = XCBuildConfiguration;
			buildSettings = {
				ASSETCATALOG_COMPILER_APPICON_NAME = AppIcon;
				ASSETCATALOG_COMPILER_GLOBAL_ACCENT_COLOR_NAME = AccentColor;
				CODE_SIGN_STYLE = Automatic;
				CURRENT_PROJECT_VERSION = 1;
				DEVELOPMENT_TEAM = P4D7F4WWXG;
				GENERATE_INFOPLIST_FILE = YES;
				INFOPLIST_FILE = Appointment/Info.plist;
				INFOPLIST_KEY_UIApplicationSupportsIndirectInputEvents = YES;
				INFOPLIST_KEY_UILaunchStoryboardName = LaunchScreen;
				INFOPLIST_KEY_UIMainStoryboardFile = Main;
				INFOPLIST_KEY_UISupportedInterfaceOrientations_iPad = "UIInterfaceOrientationPortrait UIInterfaceOrientationPortraitUpsideDown UIInterfaceOrientationLandscapeLeft UIInterfaceOrientationLandscapeRight";
				INFOPLIST_KEY_UISupportedInterfaceOrientations_iPhone = "UIInterfaceOrientationPortrait UIInterfaceOrientationLandscapeLeft UIInterfaceOrientationLandscapeRight";
				LD_RUNPATH_SEARCH_PATHS = (
					"$(inherited)",
					"@executable_path/Frameworks",
				);
				MARKETING_VERSION = 1.0;
				PRODUCT_BUNDLE_IDENTIFIER = Appointment.Appointment;
				PRODUCT_NAME = "$(TARGET_NAME)";
				SWIFT_EMIT_LOC_STRINGS = YES;
				SWIFT_VERSION = 5.0;
				TARGETED_DEVICE_FAMILY = "1,2";
			};
			name = Release;
		};
		EF262B68295948DC0092F02C /* Debug */ = {
			isa = XCBuildConfiguration;
			buildSettings = {
				ALWAYS_EMBED_SWIFT_STANDARD_LIBRARIES = YES;
				BUNDLE_LOADER = "$(TEST_HOST)";
				CODE_SIGN_STYLE = Automatic;
				CURRENT_PROJECT_VERSION = 1;
				DEVELOPMENT_TEAM = P4D7F4WWXG;
				GENERATE_INFOPLIST_FILE = YES;
				IPHONEOS_DEPLOYMENT_TARGET = 16.2;
				MARKETING_VERSION = 1.0;
				PRODUCT_BUNDLE_IDENTIFIER = Appointment.AppointmentTests;
				PRODUCT_NAME = "$(TARGET_NAME)";
				SWIFT_EMIT_LOC_STRINGS = NO;
				SWIFT_VERSION = 5.0;
				TARGETED_DEVICE_FAMILY = "1,2";
				TEST_HOST = "$(BUILT_PRODUCTS_DIR)/Appointment.app/$(BUNDLE_EXECUTABLE_FOLDER_PATH)/Appointment";
			};
			name = Debug;
		};
		EF262B69295948DC0092F02C /* Release */ = {
			isa = XCBuildConfiguration;
			buildSettings = {
				ALWAYS_EMBED_SWIFT_STANDARD_LIBRARIES = YES;
				BUNDLE_LOADER = "$(TEST_HOST)";
				CODE_SIGN_STYLE = Automatic;
				CURRENT_PROJECT_VERSION = 1;
				DEVELOPMENT_TEAM = P4D7F4WWXG;
				GENERATE_INFOPLIST_FILE = YES;
				IPHONEOS_DEPLOYMENT_TARGET = 16.2;
				MARKETING_VERSION = 1.0;
				PRODUCT_BUNDLE_IDENTIFIER = Appointment.AppointmentTests;
				PRODUCT_NAME = "$(TARGET_NAME)";
				SWIFT_EMIT_LOC_STRINGS = NO;
				SWIFT_VERSION = 5.0;
				TARGETED_DEVICE_FAMILY = "1,2";
				TEST_HOST = "$(BUILT_PRODUCTS_DIR)/Appointment.app/$(BUNDLE_EXECUTABLE_FOLDER_PATH)/Appointment";
			};
			name = Release;
		};
		EF262B6B295948DC0092F02C /* Debug */ = {
			isa = XCBuildConfiguration;
			buildSettings = {
				ALWAYS_EMBED_SWIFT_STANDARD_LIBRARIES = YES;
				CODE_SIGN_STYLE = Automatic;
				CURRENT_PROJECT_VERSION = 1;
				DEVELOPMENT_TEAM = P4D7F4WWXG;
				GENERATE_INFOPLIST_FILE = YES;
				MARKETING_VERSION = 1.0;
				PRODUCT_BUNDLE_IDENTIFIER = Appointment.AppointmentUITests;
				PRODUCT_NAME = "$(TARGET_NAME)";
				SWIFT_EMIT_LOC_STRINGS = NO;
				SWIFT_VERSION = 5.0;
				TARGETED_DEVICE_FAMILY = "1,2";
				TEST_TARGET_NAME = Appointment;
			};
			name = Debug;
		};
		EF262B6C295948DC0092F02C /* Release */ = {
			isa = XCBuildConfiguration;
			buildSettings = {
				ALWAYS_EMBED_SWIFT_STANDARD_LIBRARIES = YES;
				CODE_SIGN_STYLE = Automatic;
				CURRENT_PROJECT_VERSION = 1;
				DEVELOPMENT_TEAM = P4D7F4WWXG;
				GENERATE_INFOPLIST_FILE = YES;
				MARKETING_VERSION = 1.0;
				PRODUCT_BUNDLE_IDENTIFIER = Appointment.AppointmentUITests;
				PRODUCT_NAME = "$(TARGET_NAME)";
				SWIFT_EMIT_LOC_STRINGS = NO;
				SWIFT_VERSION = 5.0;
				TARGETED_DEVICE_FAMILY = "1,2";
				TEST_TARGET_NAME = Appointment;
			};
			name = Release;
		};
/* End XCBuildConfiguration section */

/* Begin XCConfigurationList section */
		EF262B35295948DB0092F02C /* Build configuration list for PBXProject "Appointment" */ = {
			isa = XCConfigurationList;
			buildConfigurations = (
				EF262B62295948DC0092F02C /* Debug */,
				EF262B63295948DC0092F02C /* Release */,
			);
			defaultConfigurationIsVisible = 0;
			defaultConfigurationName = Release;
		};
		EF262B64295948DC0092F02C /* Build configuration list for PBXNativeTarget "Appointment" */ = {
			isa = XCConfigurationList;
			buildConfigurations = (
				EF262B65295948DC0092F02C /* Debug */,
				EF262B66295948DC0092F02C /* Release */,
			);
			defaultConfigurationIsVisible = 0;
			defaultConfigurationName = Release;
		};
		EF262B67295948DC0092F02C /* Build configuration list for PBXNativeTarget "AppointmentTests" */ = {
			isa = XCConfigurationList;
			buildConfigurations = (
				EF262B68295948DC0092F02C /* Debug */,
				EF262B69295948DC0092F02C /* Release */,
			);
			defaultConfigurationIsVisible = 0;
			defaultConfigurationName = Release;
		};
		EF262B6A295948DC0092F02C /* Build configuration list for PBXNativeTarget "AppointmentUITests" */ = {
			isa = XCConfigurationList;
			buildConfigurations = (
				EF262B6B295948DC0092F02C /* Debug */,
				EF262B6C295948DC0092F02C /* Release */,
			);
			defaultConfigurationIsVisible = 0;
			defaultConfigurationName = Release;
		};
/* End XCConfigurationList section */

/* Begin XCRemoteSwiftPackageReference section */
		EF262B822959BE240092F02C /* XCRemoteSwiftPackageReference "lottie-ios" */ = {
			isa = XCRemoteSwiftPackageReference;
			repositoryURL = "https://github.com/airbnb/lottie-ios.git";
			requirement = {
				kind = upToNextMajorVersion;
				minimumVersion = 4.0.0;
			};
		};
		EF262B852959BE2E0092F02C /* XCRemoteSwiftPackageReference "Kingfisher" */ = {
			isa = XCRemoteSwiftPackageReference;
			repositoryURL = "https://github.com/onevcat/Kingfisher.git";
			requirement = {
				kind = upToNextMajorVersion;
				minimumVersion = 7.0.0;
			};
		};
		EF262B8C2959C6F50092F02C /* XCRemoteSwiftPackageReference "RxSwift" */ = {
			isa = XCRemoteSwiftPackageReference;
			repositoryURL = "https://github.com/ReactiveX/RxSwift";
			requirement = {
				kind = upToNextMajorVersion;
				minimumVersion = 6.0.0;
			};
		};
/* End XCRemoteSwiftPackageReference section */

/* Begin XCSwiftPackageProductDependency section */
		EF262B832959BE240092F02C /* Lottie */ = {
			isa = XCSwiftPackageProductDependency;
			package = EF262B822959BE240092F02C /* XCRemoteSwiftPackageReference "lottie-ios" */;
			productName = Lottie;
		};
		EF262B862959BE2E0092F02C /* Kingfisher */ = {
			isa = XCSwiftPackageProductDependency;
			package = EF262B852959BE2E0092F02C /* XCRemoteSwiftPackageReference "Kingfisher" */;
			productName = Kingfisher;
		};
		EF262B8D2959C6F50092F02C /* RxCocoa */ = {
			isa = XCSwiftPackageProductDependency;
			package = EF262B8C2959C6F50092F02C /* XCRemoteSwiftPackageReference "RxSwift" */;
			productName = RxCocoa;
		};
		EF262B8F2959C6F50092F02C /* RxRelay */ = {
			isa = XCSwiftPackageProductDependency;
			package = EF262B8C2959C6F50092F02C /* XCRemoteSwiftPackageReference "RxSwift" */;
			productName = RxRelay;
		};
		EF262B912959C6F50092F02C /* RxSwift */ = {
			isa = XCSwiftPackageProductDependency;
			package = EF262B8C2959C6F50092F02C /* XCRemoteSwiftPackageReference "RxSwift" */;
			productName = RxSwift;
		};
		EF262B932959C6F50092F02C /* RxTest */ = {
			isa = XCSwiftPackageProductDependency;
			package = EF262B8C2959C6F50092F02C /* XCRemoteSwiftPackageReference "RxSwift" */;
			productName = RxTest;
		};
/* End XCSwiftPackageProductDependency section */
	};
	rootObject = EF262B32295948DB0092F02C /* Project object */;
}
